
Microsoft Visual Studio Solution File, Format Version 12.00
# Visual Studio Version 16
VisualStudioVersion = 16.0.30517.126
MinimumVisualStudioVersion = 10.0.40219.1
Project("{FAE04EC0-301F-11D3-BF4B-00C04F79EFBC}") = "Advertisement_Application", "Advertisement_Application.csproj", "{683B20E4-D7D2-488F-9292-F175014F1FA5}"
EndProject
Global
	GlobalSection(SolutionConfigurationPlatforms) = preSolution
		Debug|Any CPU = Debug|Any CPU
		Release|Any CPU = Release|Any CPU
	EndGlobalSection
	GlobalSection(ProjectConfigurationPlatforms) = postSolution
		{683B20E4-D7D2-488F-9292-F175014F1FA5}.Debug|Any CPU.ActiveCfg = Debug|Any CPU
		{683B20E4-D7D2-488F-9292-F175014F1FA5}.Debug|Any CPU.Build.0 = Debug|Any CPU
		{683B20E4-D7D2-488F-9292-F175014F1FA5}.Release|Any CPU.ActiveCfg = Release|Any CPU
		{683B20E4-D7D2-488F-9292-F175014F1FA5}.Release|Any CPU.Build.0 = Release|Any CPU
	EndGlobalSection
	GlobalSection(SolutionProperties) = preSolution
		HideSolutionNode = FALSE
	EndGlobalSection
	GlobalSection(ExtensibilityGlobals) = postSolution
		SolutionGuid = {2D4B1FFE-360E-4DED-81D4-8C0824A50463}
	EndGlobalSection
EndGlobal
